
Microsoft Visual Studio Solution File, Format Version 12.00
# Visual Studio Version 17
VisualStudioVersion = 17.0.31912.275
MinimumVisualStudioVersion = 10.0.40219.1
Project("{9A19103F-16F7-4668-BE54-9A1E7A4F7556}") = "BlazorProject.Server", "BlazorProject\Server\BlazorProject.Server.csproj", "{F5E727DD-53F3-46DB-8089-F5B66A768EF6}"
EndProject
Project("{9A19103F-16F7-4668-BE54-9A1E7A4F7556}") = "BlazorProject.Client", "BlazorProject\Client\BlazorProject.Client.csproj", "{28AC2C4E-DF12-4294-84D8-1AE6B7BFD9FA}"
EndProject
Project("{9A19103F-16F7-4668-BE54-9A1E7A4F7556}") = "BlazorProject.Shared", "BlazorProject\Shared\BlazorProject.Shared.csproj", "{B70B16F2-6DA4-4B95-B149-F49FC32C5301}"
EndProject
Global
	GlobalSection(SolutionConfigurationPlatforms) = preSolution
		Debug|Any CPU = Debug|Any CPU
		Release|Any CPU = Release|Any CPU
	EndGlobalSection
	GlobalSection(ProjectConfigurationPlatforms) = postSolution
		{F5E727DD-53F3-46DB-8089-F5B66A768EF6}.Debug|Any CPU.ActiveCfg = Debug|Any CPU
		{F5E727DD-53F3-46DB-8089-F5B66A768EF6}.Debug|Any CPU.Build.0 = Debug|Any CPU
		{F5E727DD-53F3-46DB-8089-F5B66A768EF6}.Release|Any CPU.ActiveCfg = Release|Any CPU
		{F5E727DD-53F3-46DB-8089-F5B66A768EF6}.Release|Any CPU.Build.0 = Release|Any CPU
		{28AC2C4E-DF12-4294-84D8-1AE6B7BFD9FA}.Debug|Any CPU.ActiveCfg = Debug|Any CPU
		{28AC2C4E-DF12-4294-84D8-1AE6B7BFD9FA}.Debug|Any CPU.Build.0 = Debug|Any CPU
		{28AC2C4E-DF12-4294-84D8-1AE6B7BFD9FA}.Release|Any CPU.ActiveCfg = Release|Any CPU
		{28AC2C4E-DF12-4294-84D8-1AE6B7BFD9FA}.Release|Any CPU.Build.0 = Release|Any CPU
		{B70B16F2-6DA4-4B95-B149-F49FC32C5301}.Debug|Any CPU.ActiveCfg = Debug|Any CPU
		{B70B16F2-6DA4-4B95-B149-F49FC32C5301}.Debug|Any CPU.Build.0 = Debug|Any CPU
		{B70B16F2-6DA4-4B95-B149-F49FC32C5301}.Release|Any CPU.ActiveCfg = Release|Any CPU
		{B70B16F2-6DA4-4B95-B149-F49FC32C5301}.Release|Any CPU.Build.0 = Release|Any CPU
	EndGlobalSection
	GlobalSection(SolutionProperties) = preSolution
		HideSolutionNode = FALSE
	EndGlobalSection
	GlobalSection(ExtensibilityGlobals) = postSolution
		SolutionGuid = {510C0995-DB16-4E64-9923-CE7CB2970B58}
	EndGlobalSection
EndGlobal
